
Microsoft Visual Studio Solution File, Format Version 12.00
# Visual Studio Version 16
VisualStudioVersion = 16.0.32228.343
MinimumVisualStudioVersion = 10.0.40219.1
Project("{8BC9CEB8-8B4A-11D0-8D11-00A0C91BC942}") = "Dynamix chart width control", "Dynamix chart width control.vcxproj", "{FE6ED36D-FC7A-44A9-938D-5A93FF36B0AC}"
EndProject
Global
	GlobalSection(SolutionConfigurationPlatforms) = preSolution
		Debug Linux|x64 = Debug Linux|x64
		Debug Linux|x86 = Debug Linux|x86
		Debug|x64 = Debug|x64
		Debug|x86 = Debug|x86
		Release|x64 = Release|x64
		Release|x86 = Release|x86
	EndGlobalSection
	GlobalSection(ProjectConfigurationPlatforms) = postSolution
		{FE6ED36D-FC7A-44A9-938D-5A93FF36B0AC}.Debug Linux|x64.ActiveCfg = Debug|x64
		{FE6ED36D-FC7A-44A9-938D-5A93FF36B0AC}.Debug Linux|x64.Build.0 = Debug|x64
		{FE6ED36D-FC7A-44A9-938D-5A93FF36B0AC}.Debug Linux|x86.ActiveCfg = Debug|Win32
		{FE6ED36D-FC7A-44A9-938D-5A93FF36B0AC}.Debug Linux|x86.Build.0 = Debug|Win32
		{FE6ED36D-FC7A-44A9-938D-5A93FF36B0AC}.Debug|x64.ActiveCfg = Debug|x64
		{FE6ED36D-FC7A-44A9-938D-5A93FF36B0AC}.Debug|x64.Build.0 = Debug|x64
		{FE6ED36D-FC7A-44A9-938D-5A93FF36B0AC}.Debug|x86.ActiveCfg = Debug|Win32
		{FE6ED36D-FC7A-44A9-938D-5A93FF36B0AC}.Debug|x86.Build.0 = Debug|Win32
		{FE6ED36D-FC7A-44A9-938D-5A93FF36B0AC}.Release|x64.ActiveCfg = Release|x64
		{FE6ED36D-FC7A-44A9-938D-5A93FF36B0AC}.Release|x64.Build.0 = Release|x64
		{FE6ED36D-FC7A-44A9-938D-5A93FF36B0AC}.Release|x86.ActiveCfg = Release|Win32
		{FE6ED36D-FC7A-44A9-938D-5A93FF36B0AC}.Release|x86.Build.0 = Release|Win32
	EndGlobalSection
	GlobalSection(SolutionProperties) = preSolution
		HideSolutionNode = FALSE
	EndGlobalSection
	GlobalSection(ExtensibilityGlobals) = postSolution
		SolutionGuid = {C0BF9516-7D99-4B53-8C52-E49F37271372}
	EndGlobalSection
EndGlobal
